// !$*UTF8*$!
{
	archiveVersion = 1;
	classes = {
	};
	objectVersion = 56;
	objects = {

/* Begin PBXBuildFile section */
		8185D5292C8D08B40067F3FB /* TodoListCloneApp.swift in Sources */ = {isa = PBXBuildFile; fileRef = 8185D5282C8D08B40067F3FB /* TodoListCloneApp.swift */; };
		8185D52D2C8D08B50067F3FB /* Assets.xcassets in Resources */ = {isa = PBXBuildFile; fileRef = 8185D52C2C8D08B50067F3FB /* Assets.xcassets */; };
		8185D5302C8D08B50067F3FB /* Preview Assets.xcassets in Resources */ = {isa = PBXBuildFile; fileRef = 8185D52F2C8D08B50067F3FB /* Preview Assets.xcassets */; };
		8185D5382C8D09C60067F3FB /* ListView.swift in Sources */ = {isa = PBXBuildFile; fileRef = 8185D5372C8D09C60067F3FB /* ListView.swift */; };
		8185D53A2C8D0DE90067F3FB /* ListRowView.swift in Sources */ = {isa = PBXBuildFile; fileRef = 8185D5392C8D0DE90067F3FB /* ListRowView.swift */; };
		8185D53C2C8D11570067F3FB /* AddView.swift in Sources */ = {isa = PBXBuildFile; fileRef = 8185D53B2C8D11570067F3FB /* AddView.swift */; };
		8185D53F2C8DCC200067F3FB /* ItemModel.swift in Sources */ = {isa = PBXBuildFile; fileRef = 8185D53E2C8DCC200067F3FB /* ItemModel.swift */; };
		8185D5422C8DD6200067F3FB /* ListViewModel.swift in Sources */ = {isa = PBXBuildFile; fileRef = 8185D5412C8DD6200067F3FB /* ListViewModel.swift */; };
/* End PBXBuildFile section */

/* Begin PBXFileReference section */
		8185D5252C8D08B40067F3FB /* TodoListClone.app */ = {isa = PBXFileReference; explicitFileType = wrapper.application; includeInIndex = 0; path = TodoListClone.app; sourceTree = BUILT_PRODUCTS_DIR; };
		8185D5282C8D08B40067F3FB /* TodoListCloneApp.swift */ = {isa = PBXFileReference; lastKnownFileType = sourcecode.swift; path = TodoListCloneApp.swift; sourceTree = "<group>"; };
		8185D52C2C8D08B50067F3FB /* Assets.xcassets */ = {isa = PBXFileReference; lastKnownFileType = folder.assetcatalog; path = Assets.xcassets; sourceTree = "<group>"; };
		8185D52F2C8D08B50067F3FB /* Preview Assets.xcassets */ = {isa = PBXFileReference; lastKnownFileType = folder.assetcatalog; path = "Preview Assets.xcassets"; sourceTree = "<group>"; };
		8185D5372C8D09C60067F3FB /* ListView.swift */ = {isa = PBXFileReference; lastKnownFileType = sourcecode.swift; path = ListView.swift; sourceTree = "<group>"; };
		8185D5392C8D0DE90067F3FB /* ListRowView.swift */ = {isa = PBXFileReference; lastKnownFileType = sourcecode.swift; path = ListRowView.swift; sourceTree = "<group>"; };
		8185D53B2C8D11570067F3FB /* AddView.swift */ = {isa = PBXFileReference; lastKnownFileType = sourcecode.swift; path = AddView.swift; sourceTree = "<group>"; };
		8185D53E2C8DCC200067F3FB /* ItemModel.swift */ = {isa = PBXFileReference; lastKnownFileType = sourcecode.swift; path = ItemModel.swift; sourceTree = "<group>"; };
		8185D5412C8DD6200067F3FB /* ListViewModel.swift */ = {isa = PBXFileReference; lastKnownFileType = sourcecode.swift; path = ListViewModel.swift; sourceTree = "<group>"; };
/* End PBXFileReference section */

/* Begin PBXFrameworksBuildPhase section */
		8185D5222C8D08B40067F3FB /* Frameworks */ = {
			isa = PBXFrameworksBuildPhase;
			buildActionMask = 2147483647;
			files = (
			);
			runOnlyForDeploymentPostprocessing = 0;
		};
/* End PBXFrameworksBuildPhase section */

/* Begin PBXGroup section */
		8185D51C2C8D08B40067F3FB = {
			isa = PBXGroup;
			children = (
				8185D5272C8D08B40067F3FB /* TodoListClone */,
				8185D5262C8D08B40067F3FB /* Products */,
			);
			sourceTree = "<group>";
		};
		8185D5262C8D08B40067F3FB /* Products */ = {
			isa = PBXGroup;
			children = (
				8185D5252C8D08B40067F3FB /* TodoListClone.app */,
			);
			name = Products;
			sourceTree = "<group>";
		};
		8185D5272C8D08B40067F3FB /* TodoListClone */ = {
			isa = PBXGroup;
			children = (
				8185D5402C8DD6140067F3FB /* ViewModels */,
				8185D53D2C8DCBFE0067F3FB /* Models */,
				8185D5362C8D09A10067F3FB /* Views */,
				8185D5282C8D08B40067F3FB /* TodoListCloneApp.swift */,
				8185D52C2C8D08B50067F3FB /* Assets.xcassets */,
				8185D52E2C8D08B50067F3FB /* Preview Content */,
			);
			path = TodoListClone;
			sourceTree = "<group>";
		};
		8185D52E2C8D08B50067F3FB /* Preview Content */ = {
			isa = PBXGroup;
			children = (
				8185D52F2C8D08B50067F3FB /* Preview Assets.xcassets */,
			);
			path = "Preview Content";
			sourceTree = "<group>";
		};
		8185D5362C8D09A10067F3FB /* Views */ = {
			isa = PBXGroup;
			children = (
				8185D5372C8D09C60067F3FB /* ListView.swift */,
				8185D5392C8D0DE90067F3FB /* ListRowView.swift */,
				8185D53B2C8D11570067F3FB /* AddView.swift */,
			);
			path = Views;
			sourceTree = "<group>";
		};
		8185D53D2C8DCBFE0067F3FB /* Models */ = {
			isa = PBXGroup;
			children = (
				8185D53E2C8DCC200067F3FB /* ItemModel.swift */,
			);
			path = Models;
			sourceTree = "<group>";
		};
		8185D5402C8DD6140067F3FB /* ViewModels */ = {
			isa = PBXGroup;
			children = (
				8185D5412C8DD6200067F3FB /* ListViewModel.swift */,
			);
			path = ViewModels;
			sourceTree = "<group>";
		};
/* End PBXGroup section */

/* Begin PBXNativeTarget section */
		8185D5242C8D08B40067F3FB /* TodoListClone */ = {
			isa = PBXNativeTarget;
			buildConfigurationList = 8185D5332C8D08B50067F3FB /* Build configuration list for PBXNativeTarget "TodoListClone" */;
			buildPhases = (
				8185D5212C8D08B40067F3FB /* Sources */,
				8185D5222C8D08B40067F3FB /* Frameworks */,
				8185D5232C8D08B40067F3FB /* Resources */,
			);
			buildRules = (
			);
			dependencies = (
			);
			name = TodoListClone;
			productName = TodoListClone;
			productReference = 8185D5252C8D08B40067F3FB /* TodoListClone.app */;
			productType = "com.apple.product-type.application";
		};
/* End PBXNativeTarget section */

/* Begin PBXProject section */
		8185D51D2C8D08B40067F3FB /* Project object */ = {
			isa = PBXProject;
			attributes = {
				BuildIndependentTargetsInParallel = 1;
				LastSwiftUpdateCheck = 1540;
				LastUpgradeCheck = 1540;
				TargetAttributes = {
					8185D5242C8D08B40067F3FB = {
						CreatedOnToolsVersion = 15.4;
					};
				};
			};
			buildConfigurationList = 8185D5202C8D08B40067F3FB /* Build configuration list for PBXProject "TodoListClone" */;
			compatibilityVersion = "Xcode 14.0";
			developmentRegion = en;
			hasScannedForEncodings = 0;
			knownRegions = (
				en,
				Base,
			);
			mainGroup = 8185D51C2C8D08B40067F3FB;
			productRefGroup = 8185D5262C8D08B40067F3FB /* Products */;
			projectDirPath = "";
			projectRoot = "";
			targets = (
				8185D5242C8D08B40067F3FB /* TodoListClone */,
			);
		};
/* End PBXProject section */

/* Begin PBXResourcesBuildPhase section */
		8185D5232C8D08B40067F3FB /* Resources */ = {
			isa = PBXResourcesBuildPhase;
			buildActionMask = 2147483647;
			files = (
				8185D5302C8D08B50067F3FB /* Preview Assets.xcassets in Resources */,
				8185D52D2C8D08B50067F3FB /* Assets.xcassets in Resources */,
			);
			runOnlyForDeploymentPostprocessing = 0;
		};
/* End PBXResourcesBuildPhase section */

/* Begin PBXSourcesBuildPhase section */
		8185D5212C8D08B40067F3FB /* Sources */ = {
			isa = PBXSourcesBuildPhase;
			buildActionMask = 2147483647;
			files = (
				8185D53F2C8DCC200067F3FB /* ItemModel.swift in Sources */,
				8185D5422C8DD6200067F3FB /* ListViewModel.swift in Sources */,
				8185D53C2C8D11570067F3FB /* AddView.swift in Sources */,
				8185D5292C8D08B40067F3FB /* TodoListCloneApp.swift in Sources */,
				8185D5382C8D09C60067F3FB /* ListView.swift in Sources */,
				8185D53A2C8D0DE90067F3FB /* ListRowView.swift in Sources */,
			);
			runOnlyForDeploymentPostprocessing = 0;
		};
/* End PBXSourcesBuildPhase section */

/* Begin XCBuildConfiguration section */
		8185D5312C8D08B50067F3FB /* Debug */ = {
			isa = XCBuildConfiguration;
			buildSettings = {
				ALWAYS_SEARCH_USER_PATHS = NO;
				ASSETCATALOG_COMPILER_GENERATE_SWIFT_ASSET_SYMBOL_EXTENSIONS = YES;
				CLANG_ANALYZER_NONNULL = YES;
				CLANG_ANALYZER_NUMBER_OBJECT_CONVERSION = YES_AGGRESSIVE;
				CLANG_CXX_LANGUAGE_STANDARD = "gnu++20";
				CLANG_ENABLE_MODULES = YES;
				CLANG_ENABLE_OBJC_ARC = YES;
				CLANG_ENABLE_OBJC_WEAK = YES;
				CLANG_WARN_BLOCK_CAPTURE_AUTORELEASING = YES;
				CLANG_WARN_BOOL_CONVERSION = YES;
				CLANG_WARN_COMMA = YES;
				CLANG_WARN_CONSTANT_CONVERSION = YES;
				CLANG_WARN_DEPRECATED_OBJC_IMPLEMENTATIONS = YES;
				CLANG_WARN_DIRECT_OBJC_ISA_USAGE = YES_ERROR;
				CLANG_WARN_DOCUMENTATION_COMMENTS = YES;
				CLANG_WARN_EMPTY_BODY = YES;
				CLANG_WARN_ENUM_CONVERSION = YES;
				CLANG_WARN_INFINITE_RECURSION = YES;
				CLANG_WARN_INT_CONVERSION = YES;
				CLANG_WARN_NON_LITERAL_NULL_CONVERSION = YES;
				CLANG_WARN_OBJC_IMPLICIT_RETAIN_SELF = YES;
				CLANG_WARN_OBJC_LITERAL_CONVERSION = YES;
				CLANG_WARN_OBJC_ROOT_CLASS = YES_ERROR;
				CLANG_WARN_QUOTED_INCLUDE_IN_FRAMEWORK_HEADER = YES;
				CLANG_WARN_RANGE_LOOP_ANALYSIS = YES;
				CLANG_WARN_STRICT_PROTOTYPES = YES;
				CLANG_WARN_SUSPICIOUS_MOVE = YES;
				CLANG_WARN_UNGUARDED_AVAILABILITY = YES_AGGRESSIVE;
				CLANG_WARN_UNREACHABLE_CODE = YES;
				CLANG_WARN__DUPLICATE_METHOD_MATCH = YES;
				COPY_PHASE_STRIP = NO;
				DEBUG_INFORMATION_FORMAT = dwarf;
				ENABLE_STRICT_OBJC_MSGSEND = YES;
				ENABLE_TESTABILITY = YES;
				ENABLE_USER_SCRIPT_SANDBOXING = YES;
				GCC_C_LANGUAGE_STANDARD = gnu17;
				GCC_DYNAMIC_NO_PIC = NO;
				GCC_NO_COMMON_BLOCKS = YES;
				GCC_OPTIMIZATION_LEVEL = 0;
				GCC_PREPROCESSOR_DEFINITIONS = (
					"DEBUG=1",
					"$(inherited)",
				);
				GCC_WARN_64_TO_32_BIT_CONVERSION = YES;
				GCC_WARN_ABOUT_RETURN_TYPE = YES_ERROR;
				GCC_WARN_UNDECLARED_SELECTOR = YES;
				GCC_WARN_UNINITIALIZED_AUTOS = YES_AGGRESSIVE;
				GCC_WARN_UNUSED_FUNCTION = YES;
				GCC_WARN_UNUSED_VARIABLE = YES;
				IPHONEOS_DEPLOYMENT_TARGET = 17.5;
				LOCALIZATION_PREFERS_STRING_CATALOGS = YES;
				MTL_ENABLE_DEBUG_INFO = INCLUDE_SOURCE;
				MTL_FAST_MATH = YES;
				ONLY_ACTIVE_ARCH = YES;
				SDKROOT = iphoneos;
				SWIFT_ACTIVE_COMPILATION_CONDITIONS = "DEBUG $(inherited)";
				SWIFT_OPTIMIZATION_LEVEL = "-Onone";
			};
			name = Debug;
		};
		8185D5322C8D08B50067F3FB /* Release */ = {
			isa = XCBuildConfiguration;
			buildSettings = {
				ALWAYS_SEARCH_USER_PATHS = NO;
				ASSETCATALOG_COMPILER_GENERATE_SWIFT_ASSET_SYMBOL_EXTENSIONS = YES;
				CLANG_ANALYZER_NONNULL = YES;
				CLANG_ANALYZER_NUMBER_OBJECT_CONVERSION = YES_AGGRESSIVE;
				CLANG_CXX_LANGUAGE_STANDARD = "gnu++20";
				CLANG_ENABLE_MODULES = YES;
				CLANG_ENABLE_OBJC_ARC = YES;
				CLANG_ENABLE_OBJC_WEAK = YES;
				CLANG_WARN_BLOCK_CAPTURE_AUTORELEASING = YES;
				CLANG_WARN_BOOL_CONVERSION = YES;
				CLANG_WARN_COMMA = YES;
				CLANG_WARN_CONSTANT_CONVERSION = YES;
				CLANG_WARN_DEPRECATED_OBJC_IMPLEMENTATIONS = YES;
				CLANG_WARN_DIRECT_OBJC_ISA_USAGE = YES_ERROR;
				CLANG_WARN_DOCUMENTATION_COMMENTS = YES;
				CLANG_WARN_EMPTY_BODY = YES;
				CLANG_WARN_ENUM_CONVERSION = YES;
				CLANG_WARN_INFINITE_RECURSION = YES;
				CLANG_WARN_INT_CONVERSION = YES;
				CLANG_WARN_NON_LITERAL_NULL_CONVERSION = YES;
				CLANG_WARN_OBJC_IMPLICIT_RETAIN_SELF = YES;
				CLANG_WARN_OBJC_LITERAL_CONVERSION = YES;
				CLANG_WARN_OBJC_ROOT_CLASS = YES_ERROR;
				CLANG_WARN_QUOTED_INCLUDE_IN_FRAMEWORK_HEADER = YES;
				CLANG_WARN_RANGE_LOOP_ANALYSIS = YES;
				CLANG_WARN_STRICT_PROTOTYPES = YES;
				CLANG_WARN_SUSPICIOUS_MOVE = YES;
				CLANG_WARN_UNGUARDED_AVAILABILITY = YES_AGGRESSIVE;
				CLANG_WARN_UNREACHABLE_CODE = YES;
				CLANG_WARN__DUPLICATE_METHOD_MATCH = YES;
				COPY_PHASE_STRIP = NO;
				DEBUG_INFORMATION_FORMAT = "dwarf-with-dsym";
				ENABLE_NS_ASSERTIONS = NO;
				ENABLE_STRICT_OBJC_MSGSEND = YES;
				ENABLE_USER_SCRIPT_SANDBOXING = YES;
				GCC_C_LANGUAGE_STANDARD = gnu17;
				GCC_NO_COMMON_BLOCKS = YES;
				GCC_WARN_64_TO_32_BIT_CONVERSION = YES;
				GCC_WARN_ABOUT_RETURN_TYPE = YES_ERROR;
				GCC_WARN_UNDECLARED_SELECTOR = YES;
				GCC_WARN_UNINITIALIZED_AUTOS = YES_AGGRESSIVE;
				GCC_WARN_UNUSED_FUNCTION = YES;
				GCC_WARN_UNUSED_VARIABLE = YES;
				IPHONEOS_DEPLOYMENT_TARGET = 17.5;
				LOCALIZATION_PREFERS_STRING_CATALOGS = YES;
				MTL_ENABLE_DEBUG_INFO = NO;
				MTL_FAST_MATH = YES;
				SDKROOT = iphoneos;
				SWIFT_COMPILATION_MODE = wholemodule;
				VALIDATE_PRODUCT = YES;
			};
			name = Release;
		};
		8185D5342C8D08B50067F3FB /* Debug */ = {
			isa = XCBuildConfiguration;
			buildSettings = {
				ASSETCATALOG_COMPILER_APPICON_NAME = AppIcon;
				ASSETCATALOG_COMPILER_GLOBAL_ACCENT_COLOR_NAME = AccentColor;
				CODE_SIGN_STYLE = Automatic;
				CURRENT_PROJECT_VERSION = 1;
				DEVELOPMENT_ASSET_PATHS = "\"TodoListClone/Preview Content\"";
				DEVELOPMENT_TEAM = AXJUC9BQH7;
				ENABLE_PREVIEWS = YES;
				GENERATE_INFOPLIST_FILE = YES;
				INFOPLIST_KEY_UIApplicationSceneManifest_Generation = YES;
				INFOPLIST_KEY_UIApplicationSupportsIndirectInputEvents = YES;
				INFOPLIST_KEY_UILaunchScreen_Generation = YES;
				INFOPLIST_KEY_UISupportedInterfaceOrientations_iPad = "UIInterfaceOrientationPortrait UIInterfaceOrientationPortraitUpsideDown UIInterfaceOrientationLandscapeLeft UIInterfaceOrientationLandscapeRight";
				INFOPLIST_KEY_UISupportedInterfaceOrientations_iPhone = "UIInterfaceOrientationPortrait UIInterfaceOrientationLandscapeLeft UIInterfaceOrientationLandscapeRight";
				LD_RUNPATH_SEARCH_PATHS = (
					"$(inherited)",
					"@executable_path/Frameworks",
				);
				MARKETING_VERSION = 1.0;
				PRODUCT_BUNDLE_IDENTIFIER = com.kfcc.TodoListClone;
				PRODUCT_NAME = "$(TARGET_NAME)";
				SWIFT_EMIT_LOC_STRINGS = YES;
				SWIFT_VERSION = 5.0;
				TARGETED_DEVICE_FAMILY = "1,2";
			};
			name = Debug;
		};
		8185D5352C8D08B50067F3FB /* Release */ = {
			isa = XCBuildConfiguration;
			buildSettings = {
				ASSETCATALOG_COMPILER_APPICON_NAME = AppIcon;
				ASSETCATALOG_COMPILER_GLOBAL_ACCENT_COLOR_NAME = AccentColor;
				CODE_SIGN_STYLE = Automatic;
				CURRENT_PROJECT_VERSION = 1;
				DEVELOPMENT_ASSET_PATHS = "\"TodoListClone/Preview Content\"";
				DEVELOPMENT_TEAM = AXJUC9BQH7;
				ENABLE_PREVIEWS = YES;
				GENERATE_INFOPLIST_FILE = YES;
				INFOPLIST_KEY_UIApplicationSceneManifest_Generation = YES;
				INFOPLIST_KEY_UIApplicationSupportsIndirectInputEvents = YES;
				INFOPLIST_KEY_UILaunchScreen_Generation = YES;
				INFOPLIST_KEY_UISupportedInterfaceOrientations_iPad = "UIInterfaceOrientationPortrait UIInterfaceOrientationPortraitUpsideDown UIInterfaceOrientationLandscapeLeft UIInterfaceOrientationLandscapeRight";
				INFOPLIST_KEY_UISupportedInterfaceOrientations_iPhone = "UIInterfaceOrientationPortrait UIInterfaceOrientationLandscapeLeft UIInterfaceOrientationLandscapeRight";
				LD_RUNPATH_SEARCH_PATHS = (
					"$(inherited)",
					"@executable_path/Frameworks",
				);
				MARKETING_VERSION = 1.0;
				PRODUCT_BUNDLE_IDENTIFIER = com.kfcc.TodoListClone;
				PRODUCT_NAME = "$(TARGET_NAME)";
				SWIFT_EMIT_LOC_STRINGS = YES;
				SWIFT_VERSION = 5.0;
				TARGETED_DEVICE_FAMILY = "1,2";
			};
			name = Release;
		};
/* End XCBuildConfiguration section */

/* Begin XCConfigurationList section */
		8185D5202C8D08B40067F3FB /* Build configuration list for PBXProject "TodoListClone" */ = {
			isa = XCConfigurationList;
			buildConfigurations = (
				8185D5312C8D08B50067F3FB /* Debug */,
				8185D5322C8D08B50067F3FB /* Release */,
			);
			defaultConfigurationIsVisible = 0;
			defaultConfigurationName = Release;
		};
		8185D5332C8D08B50067F3FB /* Build configuration list for PBXNativeTarget "TodoListClone" */ = {
			isa = XCConfigurationList;
			buildConfigurations = (
				8185D5342C8D08B50067F3FB /* Debug */,
				8185D5352C8D08B50067F3FB /* Release */,
			);
			defaultConfigurationIsVisible = 0;
			defaultConfigurationName = Release;
		};
/* End XCConfigurationList section */
	};
	rootObject = 8185D51D2C8D08B40067F3FB /* Project object */;
}
